
Microsoft Visual Studio Solution File, Format Version 12.00
# Visual Studio Version 17
VisualStudioVersion = 17.4.33110.190
MinimumVisualStudioVersion = 10.0.40219.1
Project("{2150E333-8FDC-42A3-9474-1A3956D46DE8}") = "FrontEnd", "FrontEnd", "{8906B12A-F4E6-4A9F-B87C-92A1FA000A36}"
EndProject
Project("{2150E333-8FDC-42A3-9474-1A3956D46DE8}") = "Services", "Services", "{06A25370-6744-4469-B5FC-EC0CCD40E41A}"
EndProject
Project("{FAE04EC0-301F-11D3-BF4B-00C04F79EFBC}") = "GeekShopping.Web", "GeekShopping.Web\GeekShopping.Web.csproj", "{726091C3-AC36-4F03-9069-D4FEBCA88A2C}"
EndProject
Project("{FAE04EC0-301F-11D3-BF4B-00C04F79EFBC}") = "GeekShopping.Product.API", "GeekShopping.Product.API\GeekShopping.Product.API.csproj", "{6906FABE-A22B-4DDF-A13D-B2C07770AB50}"
EndProject
Global
	GlobalSection(SolutionConfigurationPlatforms) = preSolution
		Debug|Any CPU = Debug|Any CPU
		Release|Any CPU = Release|Any CPU
	EndGlobalSection
	GlobalSection(ProjectConfigurationPlatforms) = postSolution
		{726091C3-AC36-4F03-9069-D4FEBCA88A2C}.Debug|Any CPU.ActiveCfg = Debug|Any CPU
		{726091C3-AC36-4F03-9069-D4FEBCA88A2C}.Debug|Any CPU.Build.0 = Debug|Any CPU
		{726091C3-AC36-4F03-9069-D4FEBCA88A2C}.Release|Any CPU.ActiveCfg = Release|Any CPU
		{726091C3-AC36-4F03-9069-D4FEBCA88A2C}.Release|Any CPU.Build.0 = Release|Any CPU
		{6906FABE-A22B-4DDF-A13D-B2C07770AB50}.Debug|Any CPU.ActiveCfg = Debug|Any CPU
		{6906FABE-A22B-4DDF-A13D-B2C07770AB50}.Debug|Any CPU.Build.0 = Debug|Any CPU
		{6906FABE-A22B-4DDF-A13D-B2C07770AB50}.Release|Any CPU.ActiveCfg = Release|Any CPU
		{6906FABE-A22B-4DDF-A13D-B2C07770AB50}.Release|Any CPU.Build.0 = Release|Any CPU
	EndGlobalSection
	GlobalSection(SolutionProperties) = preSolution
		HideSolutionNode = FALSE
	EndGlobalSection
	GlobalSection(NestedProjects) = preSolution
		{726091C3-AC36-4F03-9069-D4FEBCA88A2C} = {8906B12A-F4E6-4A9F-B87C-92A1FA000A36}
		{6906FABE-A22B-4DDF-A13D-B2C07770AB50} = {06A25370-6744-4469-B5FC-EC0CCD40E41A}
	EndGlobalSection
	GlobalSection(ExtensibilityGlobals) = postSolution
		SolutionGuid = {55D485F3-A078-451B-A0E7-5A6A2D792B5D}
	EndGlobalSection
EndGlobal
